
Microsoft Visual Studio Solution File, Format Version 12.00
# Visual Studio Version 16
VisualStudioVersion = 16.0.29102.190
MinimumVisualStudioVersion = 10.0.40219.1
Project("{8BC9CEB8-8B4A-11D0-8D11-00A0C91BC942}") = "tcpsrv", "tcpsrv\tcpsrv.vcxproj", "{6AC7F616-7FBB-4DAD-8EF5-B77615E11F99}"
	ProjectSection(ProjectDependencies) = postProject
		{04EA5166-79A5-44AD-83E4-E0D07D09A9FC} = {04EA5166-79A5-44AD-83E4-E0D07D09A9FC}
	EndProjectSection
EndProject
Project("{8BC9CEB8-8B4A-11D0-8D11-00A0C91BC942}") = "event", "..\libevent\event\event.vcxproj", "{04EA5166-79A5-44AD-83E4-E0D07D09A9FC}"
EndProject
Project("{8BC9CEB8-8B4A-11D0-8D11-00A0C91BC942}") = "evheap", "evheap\evheap.vcxproj", "{2F5AC16D-12F9-4120-9BF3-AA6D474A1EDC}"
	ProjectSection(ProjectDependencies) = postProject
		{04EA5166-79A5-44AD-83E4-E0D07D09A9FC} = {04EA5166-79A5-44AD-83E4-E0D07D09A9FC}
	EndProjectSection
EndProject
Project("{8BC9CEB8-8B4A-11D0-8D11-00A0C91BC942}") = "mccl", "mccl\mccl.vcxproj", "{5D1374F0-8256-4C58-A1B4-EBD17BC56EA5}"
	ProjectSection(ProjectDependencies) = postProject
		{04EA5166-79A5-44AD-83E4-E0D07D09A9FC} = {04EA5166-79A5-44AD-83E4-E0D07D09A9FC}
	EndProjectSection
EndProject
Project("{8BC9CEB8-8B4A-11D0-8D11-00A0C91BC942}") = "mcsrv", "mcsrv\mcsrv.vcxproj", "{F7376313-035E-496E-9C6E-E975DFB6BDD2}"
EndProject
Project("{8BC9CEB8-8B4A-11D0-8D11-00A0C91BC942}") = "btpro", "btpro\btpro.vcxproj", "{B30941A3-3E00-411A-BEF2-DE72E03C71FE}"
EndProject
Global
	GlobalSection(SolutionConfigurationPlatforms) = preSolution
		Debug|x64 = Debug|x64
		Debug|x86 = Debug|x86
		Debug|x86_64 = Debug|x86_64
		Release|x64 = Release|x64
		Release|x86 = Release|x86
		Release|x86_64 = Release|x86_64
	EndGlobalSection
	GlobalSection(ProjectConfigurationPlatforms) = postSolution
		{6AC7F616-7FBB-4DAD-8EF5-B77615E11F99}.Debug|x64.ActiveCfg = Debug|x64
		{6AC7F616-7FBB-4DAD-8EF5-B77615E11F99}.Debug|x64.Build.0 = Debug|x64
		{6AC7F616-7FBB-4DAD-8EF5-B77615E11F99}.Debug|x86.ActiveCfg = Debug|Win32
		{6AC7F616-7FBB-4DAD-8EF5-B77615E11F99}.Debug|x86.Build.0 = Debug|Win32
		{6AC7F616-7FBB-4DAD-8EF5-B77615E11F99}.Debug|x86_64.ActiveCfg = Debug|x64
		{6AC7F616-7FBB-4DAD-8EF5-B77615E11F99}.Debug|x86_64.Build.0 = Debug|x64
		{6AC7F616-7FBB-4DAD-8EF5-B77615E11F99}.Release|x64.ActiveCfg = Release|x64
		{6AC7F616-7FBB-4DAD-8EF5-B77615E11F99}.Release|x64.Build.0 = Release|x64
		{6AC7F616-7FBB-4DAD-8EF5-B77615E11F99}.Release|x86.ActiveCfg = Release|Win32
		{6AC7F616-7FBB-4DAD-8EF5-B77615E11F99}.Release|x86.Build.0 = Release|Win32
		{6AC7F616-7FBB-4DAD-8EF5-B77615E11F99}.Release|x86_64.ActiveCfg = Release|x64
		{6AC7F616-7FBB-4DAD-8EF5-B77615E11F99}.Release|x86_64.Build.0 = Release|x64
		{04EA5166-79A5-44AD-83E4-E0D07D09A9FC}.Debug|x64.ActiveCfg = Debug|x64
		{04EA5166-79A5-44AD-83E4-E0D07D09A9FC}.Debug|x64.Build.0 = Debug|x64
		{04EA5166-79A5-44AD-83E4-E0D07D09A9FC}.Debug|x86.ActiveCfg = Debug|Win32
		{04EA5166-79A5-44AD-83E4-E0D07D09A9FC}.Debug|x86.Build.0 = Debug|Win32
		{04EA5166-79A5-44AD-83E4-E0D07D09A9FC}.Debug|x86_64.ActiveCfg = Debug|x64
		{04EA5166-79A5-44AD-83E4-E0D07D09A9FC}.Debug|x86_64.Build.0 = Debug|x64
		{04EA5166-79A5-44AD-83E4-E0D07D09A9FC}.Release|x64.ActiveCfg = Release|x64
		{04EA5166-79A5-44AD-83E4-E0D07D09A9FC}.Release|x64.Build.0 = Release|x64
		{04EA5166-79A5-44AD-83E4-E0D07D09A9FC}.Release|x86.ActiveCfg = Release|Win32
		{04EA5166-79A5-44AD-83E4-E0D07D09A9FC}.Release|x86.Build.0 = Release|Win32
		{04EA5166-79A5-44AD-83E4-E0D07D09A9FC}.Release|x86_64.ActiveCfg = Release|x64
		{04EA5166-79A5-44AD-83E4-E0D07D09A9FC}.Release|x86_64.Build.0 = Release|x64
		{2F5AC16D-12F9-4120-9BF3-AA6D474A1EDC}.Debug|x64.ActiveCfg = Debug|x64
		{2F5AC16D-12F9-4120-9BF3-AA6D474A1EDC}.Debug|x64.Build.0 = Debug|x64
		{2F5AC16D-12F9-4120-9BF3-AA6D474A1EDC}.Debug|x86.ActiveCfg = Debug|Win32
		{2F5AC16D-12F9-4120-9BF3-AA6D474A1EDC}.Debug|x86.Build.0 = Debug|Win32
		{2F5AC16D-12F9-4120-9BF3-AA6D474A1EDC}.Debug|x86_64.ActiveCfg = Debug|x64
		{2F5AC16D-12F9-4120-9BF3-AA6D474A1EDC}.Debug|x86_64.Build.0 = Debug|x64
		{2F5AC16D-12F9-4120-9BF3-AA6D474A1EDC}.Release|x64.ActiveCfg = Release|x64
		{2F5AC16D-12F9-4120-9BF3-AA6D474A1EDC}.Release|x64.Build.0 = Release|x64
		{2F5AC16D-12F9-4120-9BF3-AA6D474A1EDC}.Release|x86.ActiveCfg = Release|Win32
		{2F5AC16D-12F9-4120-9BF3-AA6D474A1EDC}.Release|x86.Build.0 = Release|Win32
		{2F5AC16D-12F9-4120-9BF3-AA6D474A1EDC}.Release|x86_64.ActiveCfg = Release|x64
		{2F5AC16D-12F9-4120-9BF3-AA6D474A1EDC}.Release|x86_64.Build.0 = Release|x64
		{5D1374F0-8256-4C58-A1B4-EBD17BC56EA5}.Debug|x64.ActiveCfg = Debug|x64
		{5D1374F0-8256-4C58-A1B4-EBD17BC56EA5}.Debug|x64.Build.0 = Debug|x64
		{5D1374F0-8256-4C58-A1B4-EBD17BC56EA5}.Debug|x86.ActiveCfg = Debug|Win32
		{5D1374F0-8256-4C58-A1B4-EBD17BC56EA5}.Debug|x86.Build.0 = Debug|Win32
		{5D1374F0-8256-4C58-A1B4-EBD17BC56EA5}.Debug|x86_64.ActiveCfg = Debug|x64
		{5D1374F0-8256-4C58-A1B4-EBD17BC56EA5}.Debug|x86_64.Build.0 = Debug|x64
		{5D1374F0-8256-4C58-A1B4-EBD17BC56EA5}.Release|x64.ActiveCfg = Release|x64
		{5D1374F0-8256-4C58-A1B4-EBD17BC56EA5}.Release|x64.Build.0 = Release|x64
		{5D1374F0-8256-4C58-A1B4-EBD17BC56EA5}.Release|x86.ActiveCfg = Release|Win32
		{5D1374F0-8256-4C58-A1B4-EBD17BC56EA5}.Release|x86.Build.0 = Release|Win32
		{5D1374F0-8256-4C58-A1B4-EBD17BC56EA5}.Release|x86_64.ActiveCfg = Release|x64
		{5D1374F0-8256-4C58-A1B4-EBD17BC56EA5}.Release|x86_64.Build.0 = Release|x64
		{F7376313-035E-496E-9C6E-E975DFB6BDD2}.Debug|x64.ActiveCfg = Debug|x64
		{F7376313-035E-496E-9C6E-E975DFB6BDD2}.Debug|x64.Build.0 = Debug|x64
		{F7376313-035E-496E-9C6E-E975DFB6BDD2}.Debug|x86.ActiveCfg = Debug|Win32
		{F7376313-035E-496E-9C6E-E975DFB6BDD2}.Debug|x86.Build.0 = Debug|Win32
		{F7376313-035E-496E-9C6E-E975DFB6BDD2}.Debug|x86_64.ActiveCfg = Debug|x64
		{F7376313-035E-496E-9C6E-E975DFB6BDD2}.Debug|x86_64.Build.0 = Debug|x64
		{F7376313-035E-496E-9C6E-E975DFB6BDD2}.Release|x64.ActiveCfg = Release|x64
		{F7376313-035E-496E-9C6E-E975DFB6BDD2}.Release|x64.Build.0 = Release|x64
		{F7376313-035E-496E-9C6E-E975DFB6BDD2}.Release|x86.ActiveCfg = Release|Win32
		{F7376313-035E-496E-9C6E-E975DFB6BDD2}.Release|x86.Build.0 = Release|Win32
		{F7376313-035E-496E-9C6E-E975DFB6BDD2}.Release|x86_64.ActiveCfg = Release|x64
		{F7376313-035E-496E-9C6E-E975DFB6BDD2}.Release|x86_64.Build.0 = Release|x64
		{B30941A3-3E00-411A-BEF2-DE72E03C71FE}.Debug|x64.ActiveCfg = Debug|x64
		{B30941A3-3E00-411A-BEF2-DE72E03C71FE}.Debug|x64.Build.0 = Debug|x64
		{B30941A3-3E00-411A-BEF2-DE72E03C71FE}.Debug|x86.ActiveCfg = Debug|Win32
		{B30941A3-3E00-411A-BEF2-DE72E03C71FE}.Debug|x86.Build.0 = Debug|Win32
		{B30941A3-3E00-411A-BEF2-DE72E03C71FE}.Debug|x86_64.ActiveCfg = Debug|x64
		{B30941A3-3E00-411A-BEF2-DE72E03C71FE}.Release|x64.ActiveCfg = Release|x64
		{B30941A3-3E00-411A-BEF2-DE72E03C71FE}.Release|x64.Build.0 = Release|x64
		{B30941A3-3E00-411A-BEF2-DE72E03C71FE}.Release|x86.ActiveCfg = Release|Win32
		{B30941A3-3E00-411A-BEF2-DE72E03C71FE}.Release|x86.Build.0 = Release|Win32
		{B30941A3-3E00-411A-BEF2-DE72E03C71FE}.Release|x86_64.ActiveCfg = Release|x64
	EndGlobalSection
	GlobalSection(SolutionProperties) = preSolution
		HideSolutionNode = FALSE
	EndGlobalSection
	GlobalSection(ExtensibilityGlobals) = postSolution
		SolutionGuid = {A4814657-069E-4F60-86E1-D324420062D5}
	EndGlobalSection
EndGlobal
